
Microsoft Visual Studio Solution File, Format Version 12.00
Project("{FAE04EC0-301F-11D3-BF4B-00C04F79EFBC}") = "EntityFrameworkCore.Data", "EntityFrameworkCore.Data\EntityFrameworkCore.Data.csproj", "{AEEEBF86-410D-4E42-B856-7E2CDD10A306}"
EndProject
Project("{FAE04EC0-301F-11D3-BF4B-00C04F79EFBC}") = "EntityFrameworkCore.Domain", "EntityFrameworkCore.Domain\EntityFrameworkCore.Domain.csproj", "{44A3511C-C167-4887-8056-BF88AA8DE722}"
EndProject
Global
	GlobalSection(SolutionConfigurationPlatforms) = preSolution
		Debug|Any CPU = Debug|Any CPU
		Release|Any CPU = Release|Any CPU
	EndGlobalSection
	GlobalSection(ProjectConfigurationPlatforms) = postSolution
		{AEEEBF86-410D-4E42-B856-7E2CDD10A306}.Debug|Any CPU.ActiveCfg = Debug|Any CPU
		{AEEEBF86-410D-4E42-B856-7E2CDD10A306}.Debug|Any CPU.Build.0 = Debug|Any CPU
		{AEEEBF86-410D-4E42-B856-7E2CDD10A306}.Release|Any CPU.ActiveCfg = Release|Any CPU
		{AEEEBF86-410D-4E42-B856-7E2CDD10A306}.Release|Any CPU.Build.0 = Release|Any CPU
		{44A3511C-C167-4887-8056-BF88AA8DE722}.Debug|Any CPU.ActiveCfg = Debug|Any CPU
		{44A3511C-C167-4887-8056-BF88AA8DE722}.Debug|Any CPU.Build.0 = Debug|Any CPU
		{44A3511C-C167-4887-8056-BF88AA8DE722}.Release|Any CPU.ActiveCfg = Release|Any CPU
		{44A3511C-C167-4887-8056-BF88AA8DE722}.Release|Any CPU.Build.0 = Release|Any CPU
	EndGlobalSection
EndGlobal
